
Microsoft Visual Studio Solution File, Format Version 12.00
# Visual Studio Version 17
VisualStudioVersion = 17.10.35004.147
MinimumVisualStudioVersion = 10.0.40219.1
Project("{FAE04EC0-301F-11D3-BF4B-00C04F79EFBC}") = "leaveManagement", "leaveManagement\leaveManagement.csproj", "{0EE0C160-DCAE-415D-9A34-BD46E768DF10}"
EndProject
Global
	GlobalSection(SolutionConfigurationPlatforms) = preSolution
		Debug|Any CPU = Debug|Any CPU
		Release|Any CPU = Release|Any CPU
	EndGlobalSection
	GlobalSection(ProjectConfigurationPlatforms) = postSolution
		{0EE0C160-DCAE-415D-9A34-BD46E768DF10}.Debug|Any CPU.ActiveCfg = Debug|Any CPU
		{0EE0C160-DCAE-415D-9A34-BD46E768DF10}.Debug|Any CPU.Build.0 = Debug|Any CPU
		{0EE0C160-DCAE-415D-9A34-BD46E768DF10}.Release|Any CPU.ActiveCfg = Release|Any CPU
		{0EE0C160-DCAE-415D-9A34-BD46E768DF10}.Release|Any CPU.Build.0 = Release|Any CPU
	EndGlobalSection
	GlobalSection(SolutionProperties) = preSolution
		HideSolutionNode = FALSE
	EndGlobalSection
	GlobalSection(ExtensibilityGlobals) = postSolution
		SolutionGuid = {DB851783-64A1-4E21-B806-C5DF4F6FA91A}
	EndGlobalSection
EndGlobal
